
Microsoft Visual Studio Solution File, Format Version 12.00
# Visual Studio Version 17
VisualStudioVersion = 17.7.34031.279
MinimumVisualStudioVersion = 10.0.40219.1
Project("{FAE04EC0-301F-11D3-BF4B-00C04F79EFBC}") = "ModeloDualWeb", "ModeloDualWeb\ModeloDualWeb.csproj", "{B288E1C9-FF0E-42D0-9060-FDF697E3590E}"
EndProject
Global
	GlobalSection(SolutionConfigurationPlatforms) = preSolution
		Debug|Any CPU = Debug|Any CPU
		Release|Any CPU = Release|Any CPU
	EndGlobalSection
	GlobalSection(ProjectConfigurationPlatforms) = postSolution
		{B288E1C9-FF0E-42D0-9060-FDF697E3590E}.Debug|Any CPU.ActiveCfg = Debug|Any CPU
		{B288E1C9-FF0E-42D0-9060-FDF697E3590E}.Debug|Any CPU.Build.0 = Debug|Any CPU
		{B288E1C9-FF0E-42D0-9060-FDF697E3590E}.Release|Any CPU.ActiveCfg = Release|Any CPU
		{B288E1C9-FF0E-42D0-9060-FDF697E3590E}.Release|Any CPU.Build.0 = Release|Any CPU
	EndGlobalSection
	GlobalSection(SolutionProperties) = preSolution
		HideSolutionNode = FALSE
	EndGlobalSection
	GlobalSection(ExtensibilityGlobals) = postSolution
		SolutionGuid = {0B89FC0A-D277-4A2C-91DD-31ED3FA16DB3}
	EndGlobalSection
EndGlobal
